# THIS IS AN AUTOGENERATED FILE. DO NOT EDIT THIS FILE DIRECTLY.
# yarn lockfile v1


turbo-darwin-64@1.0.26:
  version "1.0.26"
  resolved "https://registry.yarnpkg.com/turbo-darwin-64/-/turbo-darwin-64-1.0.26.tgz#81f07a2eca0656629b9978032035acfd4ea191ee"
  integrity sha512-PehbiMm1fKqQPpH/nuGbdHSTmO7YKqODp5RAmxvWaJ7VW9IsQiRRxORegREd/vmsBfeuEky0DRM+POCr5eAccA==

turbo-darwin-arm64@1.0.26:
  version "1.0.26"
  resolved "https://registry.yarnpkg.com/turbo-darwin-arm64/-/turbo-darwin-arm64-1.0.26.tgz#9aa258310d069bf6481f06af0be9362783ecdf6f"
  integrity sha512-6hg7QtpIHLRzRlWGFK81yqvhQpi/9Eae/toqeAaK8xU5RvgZsLVNEwpr/7rOA9zqhzg25sBlXJiCP/N6Dak/QA==

turbo-freebsd-64@1.0.26:
  version "1.0.26"
  resolved "https://registry.yarnpkg.com/turbo-freebsd-64/-/turbo-freebsd-64-1.0.26.tgz#e8a305f328635670abb99b31000f6ec5c4d1cf4a"
  integrity sha512-lyKGXCQi7ptXEOycf0+r+xMVYR+u8hZ9SMu6oySWNAj+GB1/knR7kI0KOkAHA9kqEnb8ANMyq10HxkGDgDF/lg==

turbo-freebsd-arm64@1.0.26:
  version "1.0.26"
  resolved "https://registry.yarnpkg.com/turbo-freebsd-arm64/-/turbo-freebsd-arm64-1.0.26.tgz#c9d8e71be21517b24bf7560d95f9f798a3c8f89b"
  integrity sha512-so2EzesYdOTsPLwH4eVBR+IR3Cg6UKEzk6sFdCXeDDu3fEiunzeFT8+hDEV7I7zPzalIjHH4QuovTZOghcTAcQ==

turbo-linux-32@1.0.26:
  version "1.0.26"
  resolved "https://registry.yarnpkg.com/turbo-linux-32/-/turbo-linux-32-1.0.26.tgz#854a50446648230fb17eafe5b44382c99a65c57b"
  integrity sha512-DEpnBITpgI/Q6HRbkEmEWqiB/U59fZqLtc7E7fdQUVwlUR8+XdUFyn+VPp6ho+YVD5cpCuPklyOEs2yfsg06yQ==

turbo-linux-64@1.0.26:
  version "1.0.26"
  resolved "https://registry.yarnpkg.com/turbo-linux-64/-/turbo-linux-64-1.0.26.tgz#280f9bed74e2c2c0e93429e5cc6ff2ace3f0d0a4"
  integrity sha512-Ub/uw6g9O/riIXusc0y0bMwV8xZR7DqD5u+QCABp6Rpk+NGzEJZv2eX+BRk3A2rVD6rX5ww5+zrgY7+A0Nta0Q==

turbo-linux-arm64@1.0.26:
  version "1.0.26"
  resolved "https://registry.yarnpkg.com/turbo-linux-arm64/-/turbo-linux-arm64-1.0.26.tgz#a571d388223737d4255bbc27c30d0b4255955218"
  integrity sha512-z+0I/bY954FkqOTtMXvseAfR/hEgbpL7EePw/9Lxy1l6m1+4Fj6OIOncsbhavGtZAYFndjaB03rb2wW+vk6v2w==

turbo-linux-arm@1.0.26:
  version "1.0.26"
  resolved "https://registry.yarnpkg.com/turbo-linux-arm/-/turbo-linux-arm-1.0.26.tgz#20d9f826a2db9862e41d842a3cac8053e87a345d"
  integrity sha512-SmI3l2zHbUdUREKr10RqsiXZltDKtwPwc0dHhVeLoKl0itmL4kIxJq+CvcPGiN87kTccvgoKILT5mJuoHVNeGA==

turbo-linux-mips64le@1.0.26:
  version "1.0.26"
  resolved "https://registry.yarnpkg.com/turbo-linux-mips64le/-/turbo-linux-mips64le-1.0.26.tgz#bd7766f63cf94c5711bfd9d13465c5ee380a558b"
  integrity sha512-JA2JKthNYRIOGPVjD65Bvhe/ebXjKryz38EtsuuVSmDbk+iqvCKYfIDAt/9MqeTzGH7mMi4JZqW5QYCH8m0csA==

turbo-linux-ppc64le@1.0.26:
  version "1.0.26"
  resolved "https://registry.yarnpkg.com/turbo-linux-ppc64le/-/turbo-linux-ppc64le-1.0.26.tgz#c59379c71c88afe311a74e0a7f2b70b28bca071c"
  integrity sha512-thkJJ62OAB8BW/tzkLEZrFqOLKA9j/rrbZSC9mKLDfa2wDQnVGn/e9R0/qHJhXxTxDtzSV9SjzcD7fHYRJ4fjw==

turbo-windows-32@1.0.26:
  version "1.0.26"
  resolved "https://registry.yarnpkg.com/turbo-windows-32/-/turbo-windows-32-1.0.26.tgz#2396fbe397bf8c7c99802899a0b1901c5178c386"
  integrity sha512-79Bs1Uhrn53vrjdhzMag+eJEqk03zqRguWrkceMgsX8hFr8soTSgqMKhl/g6GPMMdAdjxQKgEuujqVndqLgI0g==

turbo-windows-64@1.0.26:
  version "1.0.26"
  resolved "https://registry.yarnpkg.com/turbo-windows-64/-/turbo-windows-64-1.0.26.tgz#c88f8fe15dfae4ba481a866f4ddcc2f959150348"
  integrity sha512-jGmDMPPy4bRdgoMstrFKYv58ehpejk+Jg6gMS/F5sESrifWSIReernnURE+FtfrUFh2KgcwFMTdvGJAHfTlDEg==

turbo@^1.0.26:
  version "1.0.26"
  resolved "https://registry.yarnpkg.com/turbo/-/turbo-1.0.26.tgz#911578a8cabc1c0d0c778919b4f77c88f9329610"
  integrity sha512-XOq/qR5zZnSofX052KQRIMUng5h4gpOGvy0afw9jPLN8pPg0Ct54NVbloOBcVhGbCxPYJP0dpbkQuC/lxzdHpA==
  optionalDependencies:
    turbo-darwin-64 "1.0.26"
    turbo-darwin-arm64 "1.0.26"
    turbo-freebsd-64 "1.0.26"
    turbo-freebsd-arm64 "1.0.26"
    turbo-linux-32 "1.0.26"
    turbo-linux-64 "1.0.26"
    turbo-linux-arm "1.0.26"
    turbo-linux-arm64 "1.0.26"
    turbo-linux-mips64le "1.0.26"
    turbo-linux-ppc64le "1.0.26"
    turbo-windows-32 "1.0.26"
    turbo-windows-64 "1.0.26"
